
Microsoft Visual Studio Solution File, Format Version 12.00
# Visual Studio 14
VisualStudioVersion = 14.0.25420.1
MinimumVisualStudioVersion = 10.0.40219.1
Project("{FAE04EC0-301F-11D3-BF4B-00C04F79EFBC}") = "389_FindTheDifference", "389_FindTheDifference\389_FindTheDifference.csproj", "{4E04831C-31FC-476A-B28B-8AA0902291ED}"
EndProject
Project("{FAE04EC0-301F-11D3-BF4B-00C04F79EFBC}") = "383_RansomNote", "383_RansomNote\383_RansomNote.csproj", "{6D06C74B-6EB2-4D5A-A59D-397E092EFECB}"
EndProject
Global
	GlobalSection(SolutionConfigurationPlatforms) = preSolution
		Debug|Any CPU = Debug|Any CPU
		Release|Any CPU = Release|Any CPU
	EndGlobalSection
	GlobalSection(ProjectConfigurationPlatforms) = postSolution
		{4E04831C-31FC-476A-B28B-8AA0902291ED}.Debug|Any CPU.ActiveCfg = Debug|Any CPU
		{4E04831C-31FC-476A-B28B-8AA0902291ED}.Debug|Any CPU.Build.0 = Debug|Any CPU
		{4E04831C-31FC-476A-B28B-8AA0902291ED}.Release|Any CPU.ActiveCfg = Release|Any CPU
		{4E04831C-31FC-476A-B28B-8AA0902291ED}.Release|Any CPU.Build.0 = Release|Any CPU
		{6D06C74B-6EB2-4D5A-A59D-397E092EFECB}.Debug|Any CPU.ActiveCfg = Debug|Any CPU
		{6D06C74B-6EB2-4D5A-A59D-397E092EFECB}.Debug|Any CPU.Build.0 = Debug|Any CPU
		{6D06C74B-6EB2-4D5A-A59D-397E092EFECB}.Release|Any CPU.ActiveCfg = Release|Any CPU
		{6D06C74B-6EB2-4D5A-A59D-397E092EFECB}.Release|Any CPU.Build.0 = Release|Any CPU
	EndGlobalSection
	GlobalSection(SolutionProperties) = preSolution
		HideSolutionNode = FALSE
	EndGlobalSection
EndGlobal
