
Microsoft Visual Studio Solution File, Format Version 12.00
# Visual Studio 14
VisualStudioVersion = 14.0.25420.1
MinimumVisualStudioVersion = 10.0.40219.1
Project("{FAE04EC0-301F-11D3-BF4B-00C04F79EFBC}") = "423_ReconstructOriginalDigitsFromEnglish", "423_ReconstructOriginalDigitsFromEnglish\423_ReconstructOriginalDigitsFromEnglish.csproj", "{DA6A4AA8-15F6-4F73-81BD-2AC796AC6658}"
EndProject
Project("{FAE04EC0-301F-11D3-BF4B-00C04F79EFBC}") = "424_LongestRepeatingCharacterReplacement", "424_LongestRepeatingCharacterReplacement\424_LongestRepeatingCharacterReplacement.csproj", "{93A72D01-FF58-4001-9A76-9BF3AC1CAC2B}"
EndProject
Global
	GlobalSection(SolutionConfigurationPlatforms) = preSolution
		Debug|Any CPU = Debug|Any CPU
		Release|Any CPU = Release|Any CPU
	EndGlobalSection
	GlobalSection(ProjectConfigurationPlatforms) = postSolution
		{DA6A4AA8-15F6-4F73-81BD-2AC796AC6658}.Debug|Any CPU.ActiveCfg = Debug|Any CPU
		{DA6A4AA8-15F6-4F73-81BD-2AC796AC6658}.Debug|Any CPU.Build.0 = Debug|Any CPU
		{DA6A4AA8-15F6-4F73-81BD-2AC796AC6658}.Release|Any CPU.ActiveCfg = Release|Any CPU
		{DA6A4AA8-15F6-4F73-81BD-2AC796AC6658}.Release|Any CPU.Build.0 = Release|Any CPU
		{93A72D01-FF58-4001-9A76-9BF3AC1CAC2B}.Debug|Any CPU.ActiveCfg = Debug|Any CPU
		{93A72D01-FF58-4001-9A76-9BF3AC1CAC2B}.Debug|Any CPU.Build.0 = Debug|Any CPU
		{93A72D01-FF58-4001-9A76-9BF3AC1CAC2B}.Release|Any CPU.ActiveCfg = Release|Any CPU
		{93A72D01-FF58-4001-9A76-9BF3AC1CAC2B}.Release|Any CPU.Build.0 = Release|Any CPU
	EndGlobalSection
	GlobalSection(SolutionProperties) = preSolution
		HideSolutionNode = FALSE
	EndGlobalSection
EndGlobal
