
Microsoft Visual Studio Solution File, Format Version 12.00
# Visual Studio 14
VisualStudioVersion = 14.0.25420.1
MinimumVisualStudioVersion = 10.0.40219.1
Project("{FAE04EC0-301F-11D3-BF4B-00C04F79EFBC}") = "406_QueueReconstructionByHeight", "406_QueueReconstructionByHeight\406_QueueReconstructionByHeight.csproj", "{AC872892-CBF2-4404-BADD-6FE14004B50F}"
EndProject
Project("{FAE04EC0-301F-11D3-BF4B-00C04F79EFBC}") = "404_SumOfLeftLeaves", "404_SumOfLeftLeaves\404_SumOfLeftLeaves.csproj", "{8446B375-11B5-46CC-B8AF-254B1BBAFA92}"
EndProject
Global
	GlobalSection(SolutionConfigurationPlatforms) = preSolution
		Debug|Any CPU = Debug|Any CPU
		Release|Any CPU = Release|Any CPU
	EndGlobalSection
	GlobalSection(ProjectConfigurationPlatforms) = postSolution
		{AC872892-CBF2-4404-BADD-6FE14004B50F}.Debug|Any CPU.ActiveCfg = Debug|Any CPU
		{AC872892-CBF2-4404-BADD-6FE14004B50F}.Debug|Any CPU.Build.0 = Debug|Any CPU
		{AC872892-CBF2-4404-BADD-6FE14004B50F}.Release|Any CPU.ActiveCfg = Release|Any CPU
		{AC872892-CBF2-4404-BADD-6FE14004B50F}.Release|Any CPU.Build.0 = Release|Any CPU
		{8446B375-11B5-46CC-B8AF-254B1BBAFA92}.Debug|Any CPU.ActiveCfg = Debug|Any CPU
		{8446B375-11B5-46CC-B8AF-254B1BBAFA92}.Debug|Any CPU.Build.0 = Debug|Any CPU
		{8446B375-11B5-46CC-B8AF-254B1BBAFA92}.Release|Any CPU.ActiveCfg = Release|Any CPU
		{8446B375-11B5-46CC-B8AF-254B1BBAFA92}.Release|Any CPU.Build.0 = Release|Any CPU
	EndGlobalSection
	GlobalSection(SolutionProperties) = preSolution
		HideSolutionNode = FALSE
	EndGlobalSection
EndGlobal
