
Microsoft Visual Studio Solution File, Format Version 12.00
# Visual Studio 14
VisualStudioVersion = 14.0.25420.1
MinimumVisualStudioVersion = 10.0.40219.1
Project("{FAE04EC0-301F-11D3-BF4B-00C04F79EFBC}") = "46._Permutations", "46._Permutations\46._Permutations.csproj", "{CD9545AD-D2A0-4039-925F-9EE6952E5CC3}"
EndProject
Global
	GlobalSection(SolutionConfigurationPlatforms) = preSolution
		Debug|Any CPU = Debug|Any CPU
		Release|Any CPU = Release|Any CPU
	EndGlobalSection
	GlobalSection(ProjectConfigurationPlatforms) = postSolution
		{CD9545AD-D2A0-4039-925F-9EE6952E5CC3}.Debug|Any CPU.ActiveCfg = Debug|Any CPU
		{CD9545AD-D2A0-4039-925F-9EE6952E5CC3}.Debug|Any CPU.Build.0 = Debug|Any CPU
		{CD9545AD-D2A0-4039-925F-9EE6952E5CC3}.Release|Any CPU.ActiveCfg = Release|Any CPU
		{CD9545AD-D2A0-4039-925F-9EE6952E5CC3}.Release|Any CPU.Build.0 = Release|Any CPU
	EndGlobalSection
	GlobalSection(SolutionProperties) = preSolution
		HideSolutionNode = FALSE
	EndGlobalSection
EndGlobal
